// !$*UTF8*$!
{
	archiveVersion = 1;
	classes = {
	};
	objectVersion = 56;
	objects = {

/* Begin PBXBuildFile section */
		206A696E2B24C4FC0015F5CF /* Assets.xcassets in Resources */ = {isa = PBXBuildFile; fileRef = 20E9C75E2AE79BB90015DEBF /* Assets.xcassets */; };
		206A696F2B24C4FE0015F5CF /* Assets.xcassets in Resources */ = {isa = PBXBuildFile; fileRef = 20E9C75E2AE79BB90015DEBF /* Assets.xcassets */; };
		20E9C7562AE79BB70015DEBF /* AppDelegate.swift in Sources */ = {isa = PBXBuildFile; fileRef = 20E9C7552AE79BB70015DEBF /* AppDelegate.swift */; };
		20E9C7582AE79BB70015DEBF /* SceneDelegate.swift in Sources */ = {isa = PBXBuildFile; fileRef = 20E9C7572AE79BB70015DEBF /* SceneDelegate.swift */; };
		20E9C75A2AE79BB70015DEBF /* ViewController.swift in Sources */ = {isa = PBXBuildFile; fileRef = 20E9C7592AE79BB70015DEBF /* ViewController.swift */; };
		20E9C75D2AE79BB70015DEBF /* Main.storyboard in Resources */ = {isa = PBXBuildFile; fileRef = 20E9C75B2AE79BB70015DEBF /* Main.storyboard */; };
		20E9C75F2AE79BB90015DEBF /* Assets.xcassets in Resources */ = {isa = PBXBuildFile; fileRef = 20E9C75E2AE79BB90015DEBF /* Assets.xcassets */; };
		20E9C7622AE79BB90015DEBF /* LaunchScreen.storyboard in Resources */ = {isa = PBXBuildFile; fileRef = 20E9C7602AE79BB90015DEBF /* LaunchScreen.storyboard */; };
		20E9C76D2AE79BB90015DEBF /* DeltaNitroTests.swift in Sources */ = {isa = PBXBuildFile; fileRef = 20E9C76C2AE79BB90015DEBF /* DeltaNitroTests.swift */; };
		20E9C7772AE79BB90015DEBF /* DeltaNitroUITests.swift in Sources */ = {isa = PBXBuildFile; fileRef = 20E9C7762AE79BB90015DEBF /* DeltaNitroUITests.swift */; };
		20E9C7792AE79BB90015DEBF /* DeltaNitroUITestsLaunchTests.swift in Sources */ = {isa = PBXBuildFile; fileRef = 20E9C7782AE79BB90015DEBF /* DeltaNitroUITestsLaunchTests.swift */; };
/* End PBXBuildFile section */

/* Begin PBXContainerItemProxy section */
		20E9C7692AE79BB90015DEBF /* PBXContainerItemProxy */ = {
			isa = PBXContainerItemProxy;
			containerPortal = 20E9C74A2AE79BB70015DEBF /* Project object */;
			proxyType = 1;
			remoteGlobalIDString = 20E9C7512AE79BB70015DEBF;
			remoteInfo = DeltaNitro;
		};
		20E9C7732AE79BB90015DEBF /* PBXContainerItemProxy */ = {
			isa = PBXContainerItemProxy;
			containerPortal = 20E9C74A2AE79BB70015DEBF /* Project object */;
			proxyType = 1;
			remoteGlobalIDString = 20E9C7512AE79BB70015DEBF;
			remoteInfo = DeltaNitro;
		};
/* End PBXContainerItemProxy section */

/* Begin PBXFileReference section */
		20E9C7522AE79BB70015DEBF /* DeltaNitro.app */ = {isa = PBXFileReference; explicitFileType = wrapper.application; includeInIndex = 0; path = DeltaNitro.app; sourceTree = BUILT_PRODUCTS_DIR; };
		20E9C7552AE79BB70015DEBF /* AppDelegate.swift */ = {isa = PBXFileReference; lastKnownFileType = sourcecode.swift; path = AppDelegate.swift; sourceTree = "<group>"; };
		20E9C7572AE79BB70015DEBF /* SceneDelegate.swift */ = {isa = PBXFileReference; lastKnownFileType = sourcecode.swift; path = SceneDelegate.swift; sourceTree = "<group>"; };
		20E9C7592AE79BB70015DEBF /* ViewController.swift */ = {isa = PBXFileReference; lastKnownFileType = sourcecode.swift; path = ViewController.swift; sourceTree = "<group>"; };
		20E9C75C2AE79BB70015DEBF /* Base */ = {isa = PBXFileReference; lastKnownFileType = file.storyboard; name = Base; path = Base.lproj/Main.storyboard; sourceTree = "<group>"; };
		20E9C75E2AE79BB90015DEBF /* Assets.xcassets */ = {isa = PBXFileReference; lastKnownFileType = folder.assetcatalog; path = Assets.xcassets; sourceTree = "<group>"; };
		20E9C7612AE79BB90015DEBF /* Base */ = {isa = PBXFileReference; lastKnownFileType = file.storyboard; name = Base; path = Base.lproj/LaunchScreen.storyboard; sourceTree = "<group>"; };
		20E9C7632AE79BB90015DEBF /* Info.plist */ = {isa = PBXFileReference; lastKnownFileType = text.plist.xml; path = Info.plist; sourceTree = "<group>"; };
		20E9C7682AE79BB90015DEBF /* DeltaNitroTests.xctest */ = {isa = PBXFileReference; explicitFileType = wrapper.cfbundle; includeInIndex = 0; path = DeltaNitroTests.xctest; sourceTree = BUILT_PRODUCTS_DIR; };
		20E9C76C2AE79BB90015DEBF /* DeltaNitroTests.swift */ = {isa = PBXFileReference; lastKnownFileType = sourcecode.swift; path = DeltaNitroTests.swift; sourceTree = "<group>"; };
		20E9C7722AE79BB90015DEBF /* DeltaNitroUITests.xctest */ = {isa = PBXFileReference; explicitFileType = wrapper.cfbundle; includeInIndex = 0; path = DeltaNitroUITests.xctest; sourceTree = BUILT_PRODUCTS_DIR; };
		20E9C7762AE79BB90015DEBF /* DeltaNitroUITests.swift */ = {isa = PBXFileReference; lastKnownFileType = sourcecode.swift; path = DeltaNitroUITests.swift; sourceTree = "<group>"; };
		20E9C7782AE79BB90015DEBF /* DeltaNitroUITestsLaunchTests.swift */ = {isa = PBXFileReference; lastKnownFileType = sourcecode.swift; path = DeltaNitroUITestsLaunchTests.swift; sourceTree = "<group>"; };
/* End PBXFileReference section */

/* Begin PBXFrameworksBuildPhase section */
		20E9C74F2AE79BB70015DEBF /* Frameworks */ = {
			isa = PBXFrameworksBuildPhase;
			buildActionMask = 2147483647;
			files = (
			);
			runOnlyForDeploymentPostprocessing = 0;
		};
		20E9C7652AE79BB90015DEBF /* Frameworks */ = {
			isa = PBXFrameworksBuildPhase;
			buildActionMask = 2147483647;
			files = (
			);
			runOnlyForDeploymentPostprocessing = 0;
		};
		20E9C76F2AE79BB90015DEBF /* Frameworks */ = {
			isa = PBXFrameworksBuildPhase;
			buildActionMask = 2147483647;
			files = (
			);
			runOnlyForDeploymentPostprocessing = 0;
		};
/* End PBXFrameworksBuildPhase section */

/* Begin PBXGroup section */
		20E9C7492AE79BB70015DEBF = {
			isa = PBXGroup;
			children = (
				20E9C7542AE79BB70015DEBF /* DeltaNitro */,
				20E9C76B2AE79BB90015DEBF /* DeltaNitroTests */,
				20E9C7752AE79BB90015DEBF /* DeltaNitroUITests */,
				20E9C7532AE79BB70015DEBF /* Products */,
			);
			sourceTree = "<group>";
		};
		20E9C7532AE79BB70015DEBF /* Products */ = {
			isa = PBXGroup;
			children = (
				20E9C7522AE79BB70015DEBF /* DeltaNitro.app */,
				20E9C7682AE79BB90015DEBF /* DeltaNitroTests.xctest */,
				20E9C7722AE79BB90015DEBF /* DeltaNitroUITests.xctest */,
			);
			name = Products;
			sourceTree = "<group>";
		};
		20E9C7542AE79BB70015DEBF /* DeltaNitro */ = {
			isa = PBXGroup;
			children = (
				20E9C7552AE79BB70015DEBF /* AppDelegate.swift */,
				20E9C7572AE79BB70015DEBF /* SceneDelegate.swift */,
				20E9C7592AE79BB70015DEBF /* ViewController.swift */,
				20E9C75B2AE79BB70015DEBF /* Main.storyboard */,
				20E9C75E2AE79BB90015DEBF /* Assets.xcassets */,
				20E9C7602AE79BB90015DEBF /* LaunchScreen.storyboard */,
				20E9C7632AE79BB90015DEBF /* Info.plist */,
			);
			path = DeltaNitro;
			sourceTree = "<group>";
		};
		20E9C76B2AE79BB90015DEBF /* DeltaNitroTests */ = {
			isa = PBXGroup;
			children = (
				20E9C76C2AE79BB90015DEBF /* DeltaNitroTests.swift */,
			);
			path = DeltaNitroTests;
			sourceTree = "<group>";
		};
		20E9C7752AE79BB90015DEBF /* DeltaNitroUITests */ = {
			isa = PBXGroup;
			children = (
				20E9C7762AE79BB90015DEBF /* DeltaNitroUITests.swift */,
				20E9C7782AE79BB90015DEBF /* DeltaNitroUITestsLaunchTests.swift */,
			);
			path = DeltaNitroUITests;
			sourceTree = "<group>";
		};
/* End PBXGroup section */

/* Begin PBXNativeTarget section */
		20E9C7512AE79BB70015DEBF /* DeltaNitro */ = {
			isa = PBXNativeTarget;
			buildConfigurationList = 20E9C77C2AE79BB90015DEBF /* Build configuration list for PBXNativeTarget "DeltaNitro" */;
			buildPhases = (
				20E9C74E2AE79BB70015DEBF /* Sources */,
				20E9C74F2AE79BB70015DEBF /* Frameworks */,
				20E9C7502AE79BB70015DEBF /* Resources */,
			);
			buildRules = (
			);
			dependencies = (
			);
			name = DeltaNitro;
			productName = DeltaNitro;
			productReference = 20E9C7522AE79BB70015DEBF /* DeltaNitro.app */;
			productType = "com.apple.product-type.application";
		};
		20E9C7672AE79BB90015DEBF /* DeltaNitroTests */ = {
			isa = PBXNativeTarget;
			buildConfigurationList = 20E9C77F2AE79BB90015DEBF /* Build configuration list for PBXNativeTarget "DeltaNitroTests" */;
			buildPhases = (
				20E9C7642AE79BB90015DEBF /* Sources */,
				20E9C7652AE79BB90015DEBF /* Frameworks */,
				20E9C7662AE79BB90015DEBF /* Resources */,
			);
			buildRules = (
			);
			dependencies = (
				20E9C76A2AE79BB90015DEBF /* PBXTargetDependency */,
			);
			name = DeltaNitroTests;
			productName = DeltaNitroTests;
			productReference = 20E9C7682AE79BB90015DEBF /* DeltaNitroTests.xctest */;
			productType = "com.apple.product-type.bundle.unit-test";
		};
		20E9C7712AE79BB90015DEBF /* DeltaNitroUITests */ = {
			isa = PBXNativeTarget;
			buildConfigurationList = 20E9C7822AE79BB90015DEBF /* Build configuration list for PBXNativeTarget "DeltaNitroUITests" */;
			buildPhases = (
				20E9C76E2AE79BB90015DEBF /* Sources */,
				20E9C76F2AE79BB90015DEBF /* Frameworks */,
				20E9C7702AE79BB90015DEBF /* Resources */,
			);
			buildRules = (
			);
			dependencies = (
				20E9C7742AE79BB90015DEBF /* PBXTargetDependency */,
			);
			name = DeltaNitroUITests;
			productName = DeltaNitroUITests;
			productReference = 20E9C7722AE79BB90015DEBF /* DeltaNitroUITests.xctest */;
			productType = "com.apple.product-type.bundle.ui-testing";
		};
/* End PBXNativeTarget section */

/* Begin PBXProject section */
		20E9C74A2AE79BB70015DEBF /* Project object */ = {
			isa = PBXProject;
			attributes = {
				BuildIndependentTargetsInParallel = 1;
				LastSwiftUpdateCheck = 1500;
				LastUpgradeCheck = 1500;
				TargetAttributes = {
					20E9C7512AE79BB70015DEBF = {
						CreatedOnToolsVersion = 15.0.1;
					};
					20E9C7672AE79BB90015DEBF = {
						CreatedOnToolsVersion = 15.0.1;
						TestTargetID = 20E9C7512AE79BB70015DEBF;
					};
					20E9C7712AE79BB90015DEBF = {
						CreatedOnToolsVersion = 15.0.1;
						TestTargetID = 20E9C7512AE79BB70015DEBF;
					};
				};
			};
			buildConfigurationList = 20E9C74D2AE79BB70015DEBF /* Build configuration list for PBXProject "DeltaNitro" */;
			compatibilityVersion = "Xcode 14.0";
			developmentRegion = en;
			hasScannedForEncodings = 0;
			knownRegions = (
				en,
				Base,
			);
			mainGroup = 20E9C7492AE79BB70015DEBF;
			productRefGroup = 20E9C7532AE79BB70015DEBF /* Products */;
			projectDirPath = "";
			projectRoot = "";
			targets = (
				20E9C7512AE79BB70015DEBF /* DeltaNitro */,
				20E9C7672AE79BB90015DEBF /* DeltaNitroTests */,
				20E9C7712AE79BB90015DEBF /* DeltaNitroUITests */,
			);
		};
/* End PBXProject section */

/* Begin PBXResourcesBuildPhase section */
		20E9C7502AE79BB70015DEBF /* Resources */ = {
			isa = PBXResourcesBuildPhase;
			buildActionMask = 2147483647;
			files = (
				20E9C7622AE79BB90015DEBF /* LaunchScreen.storyboard in Resources */,
				20E9C75F2AE79BB90015DEBF /* Assets.xcassets in Resources */,
				20E9C75D2AE79BB70015DEBF /* Main.storyboard in Resources */,
			);
			runOnlyForDeploymentPostprocessing = 0;
		};
		20E9C7662AE79BB90015DEBF /* Resources */ = {
			isa = PBXResourcesBuildPhase;
			buildActionMask = 2147483647;
			files = (
				206A696E2B24C4FC0015F5CF /* Assets.xcassets in Resources */,
			);
			runOnlyForDeploymentPostprocessing = 0;
		};
		20E9C7702AE79BB90015DEBF /* Resources */ = {
			isa = PBXResourcesBuildPhase;
			buildActionMask = 2147483647;
			files = (
				206A696F2B24C4FE0015F5CF /* Assets.xcassets in Resources */,
			);
			runOnlyForDeploymentPostprocessing = 0;
		};
/* End PBXResourcesBuildPhase section */

/* Begin PBXSourcesBuildPhase section */
		20E9C74E2AE79BB70015DEBF /* Sources */ = {
			isa = PBXSourcesBuildPhase;
			buildActionMask = 2147483647;
			files = (
				20E9C75A2AE79BB70015DEBF /* ViewController.swift in Sources */,
				20E9C7562AE79BB70015DEBF /* AppDelegate.swift in Sources */,
				20E9C7582AE79BB70015DEBF /* SceneDelegate.swift in Sources */,
			);
			runOnlyForDeploymentPostprocessing = 0;
		};
		20E9C7642AE79BB90015DEBF /* Sources */ = {
			isa = PBXSourcesBuildPhase;
			buildActionMask = 2147483647;
			files = (
				20E9C76D2AE79BB90015DEBF /* DeltaNitroTests.swift in Sources */,
			);
			runOnlyForDeploymentPostprocessing = 0;
		};
		20E9C76E2AE79BB90015DEBF /* Sources */ = {
			isa = PBXSourcesBuildPhase;
			buildActionMask = 2147483647;
			files = (
				20E9C7792AE79BB90015DEBF /* DeltaNitroUITestsLaunchTests.swift in Sources */,
				20E9C7772AE79BB90015DEBF /* DeltaNitroUITests.swift in Sources */,
			);
			runOnlyForDeploymentPostprocessing = 0;
		};
/* End PBXSourcesBuildPhase section */

/* Begin PBXTargetDependency section */
		20E9C76A2AE79BB90015DEBF /* PBXTargetDependency */ = {
			isa = PBXTargetDependency;
			target = 20E9C7512AE79BB70015DEBF /* DeltaNitro */;
			targetProxy = 20E9C7692AE79BB90015DEBF /* PBXContainerItemProxy */;
		};
		20E9C7742AE79BB90015DEBF /* PBXTargetDependency */ = {
			isa = PBXTargetDependency;
			target = 20E9C7512AE79BB70015DEBF /* DeltaNitro */;
			targetProxy = 20E9C7732AE79BB90015DEBF /* PBXContainerItemProxy */;
		};
/* End PBXTargetDependency section */

/* Begin PBXVariantGroup section */
		20E9C75B2AE79BB70015DEBF /* Main.storyboard */ = {
			isa = PBXVariantGroup;
			children = (
				20E9C75C2AE79BB70015DEBF /* Base */,
			);
			name = Main.storyboard;
			sourceTree = "<group>";
		};
		20E9C7602AE79BB90015DEBF /* LaunchScreen.storyboard */ = {
			isa = PBXVariantGroup;
			children = (
				20E9C7612AE79BB90015DEBF /* Base */,
			);
			name = LaunchScreen.storyboard;
			sourceTree = "<group>";
		};
/* End PBXVariantGroup section */

/* Begin XCBuildConfiguration section */
		20E9C77A2AE79BB90015DEBF /* Debug */ = {
			isa = XCBuildConfiguration;
			buildSettings = {
				ALWAYS_SEARCH_USER_PATHS = NO;
				ASSETCATALOG_COMPILER_GENERATE_SWIFT_ASSET_SYMBOL_EXTENSIONS = YES;
				CLANG_ANALYZER_NONNULL = YES;
				CLANG_ANALYZER_NUMBER_OBJECT_CONVERSION = YES_AGGRESSIVE;
				CLANG_CXX_LANGUAGE_STANDARD = "gnu++20";
				CLANG_ENABLE_MODULES = YES;
				CLANG_ENABLE_OBJC_ARC = YES;
				CLANG_ENABLE_OBJC_WEAK = YES;
				CLANG_WARN_BLOCK_CAPTURE_AUTORELEASING = YES;
				CLANG_WARN_BOOL_CONVERSION = YES;
				CLANG_WARN_COMMA = YES;
				CLANG_WARN_CONSTANT_CONVERSION = YES;
				CLANG_WARN_DEPRECATED_OBJC_IMPLEMENTATIONS = YES;
				CLANG_WARN_DIRECT_OBJC_ISA_USAGE = YES_ERROR;
				CLANG_WARN_DOCUMENTATION_COMMENTS = YES;
				CLANG_WARN_EMPTY_BODY = YES;
				CLANG_WARN_ENUM_CONVERSION = YES;
				CLANG_WARN_INFINITE_RECURSION = YES;
				CLANG_WARN_INT_CONVERSION = YES;
				CLANG_WARN_NON_LITERAL_NULL_CONVERSION = YES;
				CLANG_WARN_OBJC_IMPLICIT_RETAIN_SELF = YES;
				CLANG_WARN_OBJC_LITERAL_CONVERSION = YES;
				CLANG_WARN_OBJC_ROOT_CLASS = YES_ERROR;
				CLANG_WARN_QUOTED_INCLUDE_IN_FRAMEWORK_HEADER = YES;
				CLANG_WARN_RANGE_LOOP_ANALYSIS = YES;
				CLANG_WARN_STRICT_PROTOTYPES = YES;
				CLANG_WARN_SUSPICIOUS_MOVE = YES;
				CLANG_WARN_UNGUARDED_AVAILABILITY = YES_AGGRESSIVE;
				CLANG_WARN_UNREACHABLE_CODE = YES;
				CLANG_WARN__DUPLICATE_METHOD_MATCH = YES;
				COPY_PHASE_STRIP = NO;
				DEBUG_INFORMATION_FORMAT = dwarf;
				ENABLE_STRICT_OBJC_MSGSEND = YES;
				ENABLE_TESTABILITY = YES;
				ENABLE_USER_SCRIPT_SANDBOXING = YES;
				GCC_C_LANGUAGE_STANDARD = gnu17;
				GCC_DYNAMIC_NO_PIC = NO;
				GCC_NO_COMMON_BLOCKS = YES;
				GCC_OPTIMIZATION_LEVEL = 0;
				GCC_PREPROCESSOR_DEFINITIONS = (
					"DEBUG=1",
					"$(inherited)",
				);
				GCC_WARN_64_TO_32_BIT_CONVERSION = YES;
				GCC_WARN_ABOUT_RETURN_TYPE = YES_ERROR;
				GCC_WARN_UNDECLARED_SELECTOR = YES;
				GCC_WARN_UNINITIALIZED_AUTOS = YES_AGGRESSIVE;
				GCC_WARN_UNUSED_FUNCTION = YES;
				GCC_WARN_UNUSED_VARIABLE = YES;
				IPHONEOS_DEPLOYMENT_TARGET = 16.0;
				LOCALIZATION_PREFERS_STRING_CATALOGS = YES;
				MTL_ENABLE_DEBUG_INFO = INCLUDE_SOURCE;
				MTL_FAST_MATH = YES;
				ONLY_ACTIVE_ARCH = YES;
				SDKROOT = iphoneos;
				SWIFT_ACTIVE_COMPILATION_CONDITIONS = "DEBUG $(inherited)";
				SWIFT_OPTIMIZATION_LEVEL = "-Onone";
			};
			name = Debug;
		};
		20E9C77B2AE79BB90015DEBF /* Release */ = {
			isa = XCBuildConfiguration;
			buildSettings = {
				ALWAYS_SEARCH_USER_PATHS = NO;
				ASSETCATALOG_COMPILER_GENERATE_SWIFT_ASSET_SYMBOL_EXTENSIONS = YES;
				CLANG_ANALYZER_NONNULL = YES;
				CLANG_ANALYZER_NUMBER_OBJECT_CONVERSION = YES_AGGRESSIVE;
				CLANG_CXX_LANGUAGE_STANDARD = "gnu++20";
				CLANG_ENABLE_MODULES = YES;
				CLANG_ENABLE_OBJC_ARC = YES;
				CLANG_ENABLE_OBJC_WEAK = YES;
				CLANG_WARN_BLOCK_CAPTURE_AUTORELEASING = YES;
				CLANG_WARN_BOOL_CONVERSION = YES;
				CLANG_WARN_COMMA = YES;
				CLANG_WARN_CONSTANT_CONVERSION = YES;
				CLANG_WARN_DEPRECATED_OBJC_IMPLEMENTATIONS = YES;
				CLANG_WARN_DIRECT_OBJC_ISA_USAGE = YES_ERROR;
				CLANG_WARN_DOCUMENTATION_COMMENTS = YES;
				CLANG_WARN_EMPTY_BODY = YES;
				CLANG_WARN_ENUM_CONVERSION = YES;
				CLANG_WARN_INFINITE_RECURSION = YES;
				CLANG_WARN_INT_CONVERSION = YES;
				CLANG_WARN_NON_LITERAL_NULL_CONVERSION = YES;
				CLANG_WARN_OBJC_IMPLICIT_RETAIN_SELF = YES;
				CLANG_WARN_OBJC_LITERAL_CONVERSION = YES;
				CLANG_WARN_OBJC_ROOT_CLASS = YES_ERROR;
				CLANG_WARN_QUOTED_INCLUDE_IN_FRAMEWORK_HEADER = YES;
				CLANG_WARN_RANGE_LOOP_ANALYSIS = YES;
				CLANG_WARN_STRICT_PROTOTYPES = YES;
				CLANG_WARN_SUSPICIOUS_MOVE = YES;
				CLANG_WARN_UNGUARDED_AVAILABILITY = YES_AGGRESSIVE;
				CLANG_WARN_UNREACHABLE_CODE = YES;
				CLANG_WARN__DUPLICATE_METHOD_MATCH = YES;
				COPY_PHASE_STRIP = NO;
				DEBUG_INFORMATION_FORMAT = "dwarf-with-dsym";
				ENABLE_NS_ASSERTIONS = NO;
				ENABLE_STRICT_OBJC_MSGSEND = YES;
				ENABLE_USER_SCRIPT_SANDBOXING = YES;
				GCC_C_LANGUAGE_STANDARD = gnu17;
				GCC_NO_COMMON_BLOCKS = YES;
				GCC_WARN_64_TO_32_BIT_CONVERSION = YES;
				GCC_WARN_ABOUT_RETURN_TYPE = YES_ERROR;
				GCC_WARN_UNDECLARED_SELECTOR = YES;
				GCC_WARN_UNINITIALIZED_AUTOS = YES_AGGRESSIVE;
				GCC_WARN_UNUSED_FUNCTION = YES;
				GCC_WARN_UNUSED_VARIABLE = YES;
				IPHONEOS_DEPLOYMENT_TARGET = 16.0;
				LOCALIZATION_PREFERS_STRING_CATALOGS = YES;
				MTL_ENABLE_DEBUG_INFO = NO;
				MTL_FAST_MATH = YES;
				SDKROOT = iphoneos;
				SWIFT_COMPILATION_MODE = wholemodule;
				VALIDATE_PRODUCT = YES;
			};
			name = Release;
		};
		20E9C77D2AE79BB90015DEBF /* Debug */ = {
			isa = XCBuildConfiguration;
			buildSettings = {
				ASSETCATALOG_COMPILER_APPICON_NAME = AppIcon;
				ASSETCATALOG_COMPILER_GLOBAL_ACCENT_COLOR_NAME = AccentColor;
				ASSETCATALOG_COMPILER_INCLUDE_ALL_APPICON_ASSETS = NO;
				CODE_SIGN_STYLE = Automatic;
				CURRENT_PROJECT_VERSION = 1;
				DEVELOPMENT_TEAM = 6D5VKJW2MC;
				GENERATE_INFOPLIST_FILE = YES;
				INFOPLIST_FILE = DeltaNitro/Info.plist;
				INFOPLIST_KEY_UIApplicationSupportsIndirectInputEvents = YES;
				INFOPLIST_KEY_UILaunchStoryboardName = "";
				INFOPLIST_KEY_UIMainStoryboardFile = Main;
				INFOPLIST_KEY_UISupportedInterfaceOrientations_iPad = "UIInterfaceOrientationPortrait UIInterfaceOrientationPortraitUpsideDown UIInterfaceOrientationLandscapeLeft UIInterfaceOrientationLandscapeRight";
				INFOPLIST_KEY_UISupportedInterfaceOrientations_iPhone = "UIInterfaceOrientationPortrait UIInterfaceOrientationLandscapeLeft UIInterfaceOrientationLandscapeRight";
				IPHONEOS_DEPLOYMENT_TARGET = 16.0;
				LD_RUNPATH_SEARCH_PATHS = (
					"$(inherited)",
					"@executable_path/Frameworks",
				);
				MARKETING_VERSION = 1.0;
				PRODUCT_BUNDLE_IDENTIFIER = ru.horekdev.DeltaNitro;
				PRODUCT_NAME = "$(TARGET_NAME)";
				SWIFT_EMIT_LOC_STRINGS = YES;
				SWIFT_VERSION = 5.0;
				TARGETED_DEVICE_FAMILY = "1,2";
			};
			name = Debug;
		};
		20E9C77E2AE79BB90015DEBF /* Release */ = {
			isa = XCBuildConfiguration;
			buildSettings = {
				ASSETCATALOG_COMPILER_APPICON_NAME = AppIcon;
				ASSETCATALOG_COMPILER_GLOBAL_ACCENT_COLOR_NAME = AccentColor;
				ASSETCATALOG_COMPILER_INCLUDE_ALL_APPICON_ASSETS = NO;
				CODE_SIGN_STYLE = Automatic;
				CURRENT_PROJECT_VERSION = 1;
				DEVELOPMENT_TEAM = 6D5VKJW2MC;
				GENERATE_INFOPLIST_FILE = YES;
				INFOPLIST_FILE = DeltaNitro/Info.plist;
				INFOPLIST_KEY_UIApplicationSupportsIndirectInputEvents = YES;
				INFOPLIST_KEY_UILaunchStoryboardName = "";
				INFOPLIST_KEY_UIMainStoryboardFile = Main;
				INFOPLIST_KEY_UISupportedInterfaceOrientations_iPad = "UIInterfaceOrientationPortrait UIInterfaceOrientationPortraitUpsideDown UIInterfaceOrientationLandscapeLeft UIInterfaceOrientationLandscapeRight";
				INFOPLIST_KEY_UISupportedInterfaceOrientations_iPhone = "UIInterfaceOrientationPortrait UIInterfaceOrientationLandscapeLeft UIInterfaceOrientationLandscapeRight";
				IPHONEOS_DEPLOYMENT_TARGET = 16.0;
				LD_RUNPATH_SEARCH_PATHS = (
					"$(inherited)",
					"@executable_path/Frameworks",
				);
				MARKETING_VERSION = 1.0;
				PRODUCT_BUNDLE_IDENTIFIER = ru.horekdev.DeltaNitro;
				PRODUCT_NAME = "$(TARGET_NAME)";
				SWIFT_EMIT_LOC_STRINGS = YES;
				SWIFT_VERSION = 5.0;
				TARGETED_DEVICE_FAMILY = "1,2";
			};
			name = Release;
		};
		20E9C7802AE79BB90015DEBF /* Debug */ = {
			isa = XCBuildConfiguration;
			buildSettings = {
				ALWAYS_EMBED_SWIFT_STANDARD_LIBRARIES = YES;
				BUNDLE_LOADER = "$(TEST_HOST)";
				CODE_SIGN_STYLE = Automatic;
				CURRENT_PROJECT_VERSION = 1;
				DEVELOPMENT_TEAM = 6D5VKJW2MC;
				GENERATE_INFOPLIST_FILE = YES;
				IPHONEOS_DEPLOYMENT_TARGET = 17.0;
				MARKETING_VERSION = 1.0;
				PRODUCT_BUNDLE_IDENTIFIER = ru.horekdev.DeltaNitroTests;
				PRODUCT_NAME = "$(TARGET_NAME)";
				SWIFT_EMIT_LOC_STRINGS = NO;
				SWIFT_VERSION = 5.0;
				TARGETED_DEVICE_FAMILY = "1,2";
				TEST_HOST = "$(BUILT_PRODUCTS_DIR)/DeltaNitro.app/$(BUNDLE_EXECUTABLE_FOLDER_PATH)/DeltaNitro";
			};
			name = Debug;
		};
		20E9C7812AE79BB90015DEBF /* Release */ = {
			isa = XCBuildConfiguration;
			buildSettings = {
				ALWAYS_EMBED_SWIFT_STANDARD_LIBRARIES = YES;
				BUNDLE_LOADER = "$(TEST_HOST)";
				CODE_SIGN_STYLE = Automatic;
				CURRENT_PROJECT_VERSION = 1;
				DEVELOPMENT_TEAM = 6D5VKJW2MC;
				GENERATE_INFOPLIST_FILE = YES;
				IPHONEOS_DEPLOYMENT_TARGET = 17.0;
				MARKETING_VERSION = 1.0;
				PRODUCT_BUNDLE_IDENTIFIER = ru.horekdev.DeltaNitroTests;
				PRODUCT_NAME = "$(TARGET_NAME)";
				SWIFT_EMIT_LOC_STRINGS = NO;
				SWIFT_VERSION = 5.0;
				TARGETED_DEVICE_FAMILY = "1,2";
				TEST_HOST = "$(BUILT_PRODUCTS_DIR)/DeltaNitro.app/$(BUNDLE_EXECUTABLE_FOLDER_PATH)/DeltaNitro";
			};
			name = Release;
		};
		20E9C7832AE79BB90015DEBF /* Debug */ = {
			isa = XCBuildConfiguration;
			buildSettings = {
				ALWAYS_EMBED_SWIFT_STANDARD_LIBRARIES = YES;
				CODE_SIGN_STYLE = Automatic;
				CURRENT_PROJECT_VERSION = 1;
				DEVELOPMENT_TEAM = 6D5VKJW2MC;
				GENERATE_INFOPLIST_FILE = YES;
				MARKETING_VERSION = 1.0;
				PRODUCT_BUNDLE_IDENTIFIER = ru.horekdev.DeltaNitroUITests;
				PRODUCT_NAME = "$(TARGET_NAME)";
				SWIFT_EMIT_LOC_STRINGS = NO;
				SWIFT_VERSION = 5.0;
				TARGETED_DEVICE_FAMILY = "1,2";
				TEST_TARGET_NAME = DeltaNitro;
			};
			name = Debug;
		};
		20E9C7842AE79BB90015DEBF /* Release */ = {
			isa = XCBuildConfiguration;
			buildSettings = {
				ALWAYS_EMBED_SWIFT_STANDARD_LIBRARIES = YES;
				CODE_SIGN_STYLE = Automatic;
				CURRENT_PROJECT_VERSION = 1;
				DEVELOPMENT_TEAM = 6D5VKJW2MC;
				GENERATE_INFOPLIST_FILE = YES;
				MARKETING_VERSION = 1.0;
				PRODUCT_BUNDLE_IDENTIFIER = ru.horekdev.DeltaNitroUITests;
				PRODUCT_NAME = "$(TARGET_NAME)";
				SWIFT_EMIT_LOC_STRINGS = NO;
				SWIFT_VERSION = 5.0;
				TARGETED_DEVICE_FAMILY = "1,2";
				TEST_TARGET_NAME = DeltaNitro;
			};
			name = Release;
		};
/* End XCBuildConfiguration section */

/* Begin XCConfigurationList section */
		20E9C74D2AE79BB70015DEBF /* Build configuration list for PBXProject "DeltaNitro" */ = {
			isa = XCConfigurationList;
			buildConfigurations = (
				20E9C77A2AE79BB90015DEBF /* Debug */,
				20E9C77B2AE79BB90015DEBF /* Release */,
			);
			defaultConfigurationIsVisible = 0;
			defaultConfigurationName = Release;
		};
		20E9C77C2AE79BB90015DEBF /* Build configuration list for PBXNativeTarget "DeltaNitro" */ = {
			isa = XCConfigurationList;
			buildConfigurations = (
				20E9C77D2AE79BB90015DEBF /* Debug */,
				20E9C77E2AE79BB90015DEBF /* Release */,
			);
			defaultConfigurationIsVisible = 0;
			defaultConfigurationName = Release;
		};
		20E9C77F2AE79BB90015DEBF /* Build configuration list for PBXNativeTarget "DeltaNitroTests" */ = {
			isa = XCConfigurationList;
			buildConfigurations = (
				20E9C7802AE79BB90015DEBF /* Debug */,
				20E9C7812AE79BB90015DEBF /* Release */,
			);
			defaultConfigurationIsVisible = 0;
			defaultConfigurationName = Release;
		};
		20E9C7822AE79BB90015DEBF /* Build configuration list for PBXNativeTarget "DeltaNitroUITests" */ = {
			isa = XCConfigurationList;
			buildConfigurations = (
				20E9C7832AE79BB90015DEBF /* Debug */,
				20E9C7842AE79BB90015DEBF /* Release */,
			);
			defaultConfigurationIsVisible = 0;
			defaultConfigurationName = Release;
		};
/* End XCConfigurationList section */
	};
	rootObject = 20E9C74A2AE79BB70015DEBF /* Project object */;
}
